
Microsoft Visual Studio Solution File, Format Version 12.00
# Visual Studio Version 17
VisualStudioVersion = 17.9.34723.18
MinimumVisualStudioVersion = 10.0.40219.1
Project("{9A19103F-16F7-4668-BE54-9A1E7A4F7556}") = "Summer2024_Example", "Summer2024_Example\Summer2024_Example.csproj", "{2F83BB49-6E96-49B5-8E61-7FE16A48E56A}"
EndProject
Project("{9A19103F-16F7-4668-BE54-9A1E7A4F7556}") = "CRM.Library", "CRM.Library\CRM.Library.csproj", "{A9BDF8A1-5C86-43A7-9918-D9CA3DD368E4}"
EndProject
Project("{FAE04EC0-301F-11D3-BF4B-00C04F79EFBC}") = "CRM.MAUI", "CRM.MAUI\CRM.MAUI.csproj", "{0ED01D6E-B837-4F03-890C-42304359F641}"
EndProject
Global
	GlobalSection(SolutionConfigurationPlatforms) = preSolution
		Debug|Any CPU = Debug|Any CPU
		Release|Any CPU = Release|Any CPU
	EndGlobalSection
	GlobalSection(ProjectConfigurationPlatforms) = postSolution
		{2F83BB49-6E96-49B5-8E61-7FE16A48E56A}.Debug|Any CPU.ActiveCfg = Debug|Any CPU
		{2F83BB49-6E96-49B5-8E61-7FE16A48E56A}.Debug|Any CPU.Build.0 = Debug|Any CPU
		{2F83BB49-6E96-49B5-8E61-7FE16A48E56A}.Release|Any CPU.ActiveCfg = Release|Any CPU
		{2F83BB49-6E96-49B5-8E61-7FE16A48E56A}.Release|Any CPU.Build.0 = Release|Any CPU
		{A9BDF8A1-5C86-43A7-9918-D9CA3DD368E4}.Debug|Any CPU.ActiveCfg = Debug|Any CPU
		{A9BDF8A1-5C86-43A7-9918-D9CA3DD368E4}.Debug|Any CPU.Build.0 = Debug|Any CPU
		{A9BDF8A1-5C86-43A7-9918-D9CA3DD368E4}.Release|Any CPU.ActiveCfg = Release|Any CPU
		{A9BDF8A1-5C86-43A7-9918-D9CA3DD368E4}.Release|Any CPU.Build.0 = Release|Any CPU
		{0ED01D6E-B837-4F03-890C-42304359F641}.Debug|Any CPU.ActiveCfg = Debug|Any CPU
		{0ED01D6E-B837-4F03-890C-42304359F641}.Debug|Any CPU.Build.0 = Debug|Any CPU
		{0ED01D6E-B837-4F03-890C-42304359F641}.Debug|Any CPU.Deploy.0 = Debug|Any CPU
		{0ED01D6E-B837-4F03-890C-42304359F641}.Release|Any CPU.ActiveCfg = Release|Any CPU
		{0ED01D6E-B837-4F03-890C-42304359F641}.Release|Any CPU.Build.0 = Release|Any CPU
		{0ED01D6E-B837-4F03-890C-42304359F641}.Release|Any CPU.Deploy.0 = Release|Any CPU
	EndGlobalSection
	GlobalSection(SolutionProperties) = preSolution
		HideSolutionNode = FALSE
	EndGlobalSection
	GlobalSection(ExtensibilityGlobals) = postSolution
		SolutionGuid = {8F25BE45-7038-4404-BC02-392A747241D6}
	EndGlobalSection
EndGlobal
